// !$*UTF8*$!
{
	archiveVersion = 1;
	classes = {
	};
	objectVersion = 56;
	objects = {

/* Begin PBXBuildFile section */
		685A61A92C69C66000F7E800 /* ios_swiftui_combineApp.swift in Sources */ = {isa = PBXBuildFile; fileRef = 685A61A82C69C66000F7E800 /* ios_swiftui_combineApp.swift */; };
		685A61AB2C69C66000F7E800 /* ContentView.swift in Sources */ = {isa = PBXBuildFile; fileRef = 685A61AA2C69C66000F7E800 /* ContentView.swift */; };
		685A61AD2C69C66200F7E800 /* Assets.xcassets in Resources */ = {isa = PBXBuildFile; fileRef = 685A61AC2C69C66200F7E800 /* Assets.xcassets */; };
		685A61B02C69C66200F7E800 /* Preview Assets.xcassets in Resources */ = {isa = PBXBuildFile; fileRef = 685A61AF2C69C66200F7E800 /* Preview Assets.xcassets */; };
		68FDDE482C69CBAD001D6FF9 /* CombinePlayground.swift in Sources */ = {isa = PBXBuildFile; fileRef = 68FDDE472C69CBAD001D6FF9 /* CombinePlayground.swift */; };
		68FDDE4C2C69E5AB001D6FF9 /* Combine_Lesson1.swift in Sources */ = {isa = PBXBuildFile; fileRef = 68FDDE4B2C69E5AB001D6FF9 /* Combine_Lesson1.swift */; };
		68FDDE4E2C69F008001D6FF9 /* Combine_Lesson2.swift in Sources */ = {isa = PBXBuildFile; fileRef = 68FDDE4D2C69F008001D6FF9 /* Combine_Lesson2.swift */; };
/* End PBXBuildFile section */

/* Begin PBXFileReference section */
		685A61A52C69C66000F7E800 /* ios-swiftui-combine.app */ = {isa = PBXFileReference; explicitFileType = wrapper.application; includeInIndex = 0; path = "ios-swiftui-combine.app"; sourceTree = BUILT_PRODUCTS_DIR; };
		685A61A82C69C66000F7E800 /* ios_swiftui_combineApp.swift */ = {isa = PBXFileReference; lastKnownFileType = sourcecode.swift; path = ios_swiftui_combineApp.swift; sourceTree = "<group>"; };
		685A61AA2C69C66000F7E800 /* ContentView.swift */ = {isa = PBXFileReference; lastKnownFileType = sourcecode.swift; path = ContentView.swift; sourceTree = "<group>"; };
		685A61AC2C69C66200F7E800 /* Assets.xcassets */ = {isa = PBXFileReference; lastKnownFileType = folder.assetcatalog; path = Assets.xcassets; sourceTree = "<group>"; };
		685A61AF2C69C66200F7E800 /* Preview Assets.xcassets */ = {isa = PBXFileReference; lastKnownFileType = folder.assetcatalog; path = "Preview Assets.xcassets"; sourceTree = "<group>"; };
		68FDDE472C69CBAD001D6FF9 /* CombinePlayground.swift */ = {isa = PBXFileReference; lastKnownFileType = sourcecode.swift; path = CombinePlayground.swift; sourceTree = "<group>"; };
		68FDDE4B2C69E5AB001D6FF9 /* Combine_Lesson1.swift */ = {isa = PBXFileReference; lastKnownFileType = sourcecode.swift; path = Combine_Lesson1.swift; sourceTree = "<group>"; };
		68FDDE4D2C69F008001D6FF9 /* Combine_Lesson2.swift */ = {isa = PBXFileReference; lastKnownFileType = sourcecode.swift; path = Combine_Lesson2.swift; sourceTree = "<group>"; };
/* End PBXFileReference section */

/* Begin PBXFrameworksBuildPhase section */
		685A61A22C69C66000F7E800 /* Frameworks */ = {
			isa = PBXFrameworksBuildPhase;
			buildActionMask = 2147483647;
			files = (
			);
			runOnlyForDeploymentPostprocessing = 0;
		};
/* End PBXFrameworksBuildPhase section */

/* Begin PBXGroup section */
		685A619C2C69C66000F7E800 = {
			isa = PBXGroup;
			children = (
				685A61A72C69C66000F7E800 /* ios-swiftui-combine */,
				685A61A62C69C66000F7E800 /* Products */,
			);
			sourceTree = "<group>";
		};
		685A61A62C69C66000F7E800 /* Products */ = {
			isa = PBXGroup;
			children = (
				685A61A52C69C66000F7E800 /* ios-swiftui-combine.app */,
			);
			name = Products;
			sourceTree = "<group>";
		};
		685A61A72C69C66000F7E800 /* ios-swiftui-combine */ = {
			isa = PBXGroup;
			children = (
				68FDDE492C69CBB6001D6FF9 /* Playgrounds */,
				685A61A82C69C66000F7E800 /* ios_swiftui_combineApp.swift */,
				685A61AA2C69C66000F7E800 /* ContentView.swift */,
				685A61AC2C69C66200F7E800 /* Assets.xcassets */,
				685A61AE2C69C66200F7E800 /* Preview Content */,
			);
			path = "ios-swiftui-combine";
			sourceTree = "<group>";
		};
		685A61AE2C69C66200F7E800 /* Preview Content */ = {
			isa = PBXGroup;
			children = (
				685A61AF2C69C66200F7E800 /* Preview Assets.xcassets */,
			);
			path = "Preview Content";
			sourceTree = "<group>";
		};
		68FDDE492C69CBB6001D6FF9 /* Playgrounds */ = {
			isa = PBXGroup;
			children = (
				68FDDE4A2C69E559001D6FF9 /* Combine */,
			);
			path = Playgrounds;
			sourceTree = "<group>";
		};
		68FDDE4A2C69E559001D6FF9 /* Combine */ = {
			isa = PBXGroup;
			children = (
				68FDDE472C69CBAD001D6FF9 /* CombinePlayground.swift */,
				68FDDE4B2C69E5AB001D6FF9 /* Combine_Lesson1.swift */,
				68FDDE4D2C69F008001D6FF9 /* Combine_Lesson2.swift */,
			);
			name = Combine;
			sourceTree = "<group>";
		};
/* End PBXGroup section */

/* Begin PBXNativeTarget section */
		685A61A42C69C66000F7E800 /* ios-swiftui-combine */ = {
			isa = PBXNativeTarget;
			buildConfigurationList = 685A61B32C69C66200F7E800 /* Build configuration list for PBXNativeTarget "ios-swiftui-combine" */;
			buildPhases = (
				685A61A12C69C66000F7E800 /* Sources */,
				685A61A22C69C66000F7E800 /* Frameworks */,
				685A61A32C69C66000F7E800 /* Resources */,
			);
			buildRules = (
			);
			dependencies = (
			);
			name = "ios-swiftui-combine";
			productName = "ios-swiftui-combine";
			productReference = 685A61A52C69C66000F7E800 /* ios-swiftui-combine.app */;
			productType = "com.apple.product-type.application";
		};
/* End PBXNativeTarget section */

/* Begin PBXProject section */
		685A619D2C69C66000F7E800 /* Project object */ = {
			isa = PBXProject;
			attributes = {
				BuildIndependentTargetsInParallel = 1;
				LastSwiftUpdateCheck = 1540;
				LastUpgradeCheck = 1540;
				TargetAttributes = {
					685A61A42C69C66000F7E800 = {
						CreatedOnToolsVersion = 15.4;
					};
				};
			};
			buildConfigurationList = 685A61A02C69C66000F7E800 /* Build configuration list for PBXProject "ios-swiftui-combine" */;
			compatibilityVersion = "Xcode 14.0";
			developmentRegion = en;
			hasScannedForEncodings = 0;
			knownRegions = (
				en,
				Base,
			);
			mainGroup = 685A619C2C69C66000F7E800;
			productRefGroup = 685A61A62C69C66000F7E800 /* Products */;
			projectDirPath = "";
			projectRoot = "";
			targets = (
				685A61A42C69C66000F7E800 /* ios-swiftui-combine */,
			);
		};
/* End PBXProject section */

/* Begin PBXResourcesBuildPhase section */
		685A61A32C69C66000F7E800 /* Resources */ = {
			isa = PBXResourcesBuildPhase;
			buildActionMask = 2147483647;
			files = (
				685A61B02C69C66200F7E800 /* Preview Assets.xcassets in Resources */,
				685A61AD2C69C66200F7E800 /* Assets.xcassets in Resources */,
			);
			runOnlyForDeploymentPostprocessing = 0;
		};
/* End PBXResourcesBuildPhase section */

/* Begin PBXSourcesBuildPhase section */
		685A61A12C69C66000F7E800 /* Sources */ = {
			isa = PBXSourcesBuildPhase;
			buildActionMask = 2147483647;
			files = (
				68FDDE482C69CBAD001D6FF9 /* CombinePlayground.swift in Sources */,
				68FDDE4E2C69F008001D6FF9 /* Combine_Lesson2.swift in Sources */,
				68FDDE4C2C69E5AB001D6FF9 /* Combine_Lesson1.swift in Sources */,
				685A61AB2C69C66000F7E800 /* ContentView.swift in Sources */,
				685A61A92C69C66000F7E800 /* ios_swiftui_combineApp.swift in Sources */,
			);
			runOnlyForDeploymentPostprocessing = 0;
		};
/* End PBXSourcesBuildPhase section */

/* Begin XCBuildConfiguration section */
		685A61B12C69C66200F7E800 /* Debug */ = {
			isa = XCBuildConfiguration;
			buildSettings = {
				ALWAYS_SEARCH_USER_PATHS = NO;
				ASSETCATALOG_COMPILER_GENERATE_SWIFT_ASSET_SYMBOL_EXTENSIONS = YES;
				CLANG_ANALYZER_NONNULL = YES;
				CLANG_ANALYZER_NUMBER_OBJECT_CONVERSION = YES_AGGRESSIVE;
				CLANG_CXX_LANGUAGE_STANDARD = "gnu++20";
				CLANG_ENABLE_MODULES = YES;
				CLANG_ENABLE_OBJC_ARC = YES;
				CLANG_ENABLE_OBJC_WEAK = YES;
				CLANG_WARN_BLOCK_CAPTURE_AUTORELEASING = YES;
				CLANG_WARN_BOOL_CONVERSION = YES;
				CLANG_WARN_COMMA = YES;
				CLANG_WARN_CONSTANT_CONVERSION = YES;
				CLANG_WARN_DEPRECATED_OBJC_IMPLEMENTATIONS = YES;
				CLANG_WARN_DIRECT_OBJC_ISA_USAGE = YES_ERROR;
				CLANG_WARN_DOCUMENTATION_COMMENTS = YES;
				CLANG_WARN_EMPTY_BODY = YES;
				CLANG_WARN_ENUM_CONVERSION = YES;
				CLANG_WARN_INFINITE_RECURSION = YES;
				CLANG_WARN_INT_CONVERSION = YES;
				CLANG_WARN_NON_LITERAL_NULL_CONVERSION = YES;
				CLANG_WARN_OBJC_IMPLICIT_RETAIN_SELF = YES;
				CLANG_WARN_OBJC_LITERAL_CONVERSION = YES;
				CLANG_WARN_OBJC_ROOT_CLASS = YES_ERROR;
				CLANG_WARN_QUOTED_INCLUDE_IN_FRAMEWORK_HEADER = YES;
				CLANG_WARN_RANGE_LOOP_ANALYSIS = YES;
				CLANG_WARN_STRICT_PROTOTYPES = YES;
				CLANG_WARN_SUSPICIOUS_MOVE = YES;
				CLANG_WARN_UNGUARDED_AVAILABILITY = YES_AGGRESSIVE;
				CLANG_WARN_UNREACHABLE_CODE = YES;
				CLANG_WARN__DUPLICATE_METHOD_MATCH = YES;
				COPY_PHASE_STRIP = NO;
				DEBUG_INFORMATION_FORMAT = dwarf;
				ENABLE_STRICT_OBJC_MSGSEND = YES;
				ENABLE_TESTABILITY = YES;
				ENABLE_USER_SCRIPT_SANDBOXING = YES;
				GCC_C_LANGUAGE_STANDARD = gnu17;
				GCC_DYNAMIC_NO_PIC = NO;
				GCC_NO_COMMON_BLOCKS = YES;
				GCC_OPTIMIZATION_LEVEL = 0;
				GCC_PREPROCESSOR_DEFINITIONS = (
					"DEBUG=1",
					"$(inherited)",
				);
				GCC_WARN_64_TO_32_BIT_CONVERSION = YES;
				GCC_WARN_ABOUT_RETURN_TYPE = YES_ERROR;
				GCC_WARN_UNDECLARED_SELECTOR = YES;
				GCC_WARN_UNINITIALIZED_AUTOS = YES_AGGRESSIVE;
				GCC_WARN_UNUSED_FUNCTION = YES;
				GCC_WARN_UNUSED_VARIABLE = YES;
				IPHONEOS_DEPLOYMENT_TARGET = 15.0;
				LOCALIZATION_PREFERS_STRING_CATALOGS = YES;
				MTL_ENABLE_DEBUG_INFO = INCLUDE_SOURCE;
				MTL_FAST_MATH = YES;
				ONLY_ACTIVE_ARCH = YES;
				SDKROOT = iphoneos;
				SWIFT_ACTIVE_COMPILATION_CONDITIONS = "DEBUG $(inherited)";
				SWIFT_OPTIMIZATION_LEVEL = "-Onone";
			};
			name = Debug;
		};
		685A61B22C69C66200F7E800 /* Release */ = {
			isa = XCBuildConfiguration;
			buildSettings = {
				ALWAYS_SEARCH_USER_PATHS = NO;
				ASSETCATALOG_COMPILER_GENERATE_SWIFT_ASSET_SYMBOL_EXTENSIONS = YES;
				CLANG_ANALYZER_NONNULL = YES;
				CLANG_ANALYZER_NUMBER_OBJECT_CONVERSION = YES_AGGRESSIVE;
				CLANG_CXX_LANGUAGE_STANDARD = "gnu++20";
				CLANG_ENABLE_MODULES = YES;
				CLANG_ENABLE_OBJC_ARC = YES;
				CLANG_ENABLE_OBJC_WEAK = YES;
				CLANG_WARN_BLOCK_CAPTURE_AUTORELEASING = YES;
				CLANG_WARN_BOOL_CONVERSION = YES;
				CLANG_WARN_COMMA = YES;
				CLANG_WARN_CONSTANT_CONVERSION = YES;
				CLANG_WARN_DEPRECATED_OBJC_IMPLEMENTATIONS = YES;
				CLANG_WARN_DIRECT_OBJC_ISA_USAGE = YES_ERROR;
				CLANG_WARN_DOCUMENTATION_COMMENTS = YES;
				CLANG_WARN_EMPTY_BODY = YES;
				CLANG_WARN_ENUM_CONVERSION = YES;
				CLANG_WARN_INFINITE_RECURSION = YES;
				CLANG_WARN_INT_CONVERSION = YES;
				CLANG_WARN_NON_LITERAL_NULL_CONVERSION = YES;
				CLANG_WARN_OBJC_IMPLICIT_RETAIN_SELF = YES;
				CLANG_WARN_OBJC_LITERAL_CONVERSION = YES;
				CLANG_WARN_OBJC_ROOT_CLASS = YES_ERROR;
				CLANG_WARN_QUOTED_INCLUDE_IN_FRAMEWORK_HEADER = YES;
				CLANG_WARN_RANGE_LOOP_ANALYSIS = YES;
				CLANG_WARN_STRICT_PROTOTYPES = YES;
				CLANG_WARN_SUSPICIOUS_MOVE = YES;
				CLANG_WARN_UNGUARDED_AVAILABILITY = YES_AGGRESSIVE;
				CLANG_WARN_UNREACHABLE_CODE = YES;
				CLANG_WARN__DUPLICATE_METHOD_MATCH = YES;
				COPY_PHASE_STRIP = NO;
				DEBUG_INFORMATION_FORMAT = "dwarf-with-dsym";
				ENABLE_NS_ASSERTIONS = NO;
				ENABLE_STRICT_OBJC_MSGSEND = YES;
				ENABLE_USER_SCRIPT_SANDBOXING = YES;
				GCC_C_LANGUAGE_STANDARD = gnu17;
				GCC_NO_COMMON_BLOCKS = YES;
				GCC_WARN_64_TO_32_BIT_CONVERSION = YES;
				GCC_WARN_ABOUT_RETURN_TYPE = YES_ERROR;
				GCC_WARN_UNDECLARED_SELECTOR = YES;
				GCC_WARN_UNINITIALIZED_AUTOS = YES_AGGRESSIVE;
				GCC_WARN_UNUSED_FUNCTION = YES;
				GCC_WARN_UNUSED_VARIABLE = YES;
				IPHONEOS_DEPLOYMENT_TARGET = 15.0;
				LOCALIZATION_PREFERS_STRING_CATALOGS = YES;
				MTL_ENABLE_DEBUG_INFO = NO;
				MTL_FAST_MATH = YES;
				SDKROOT = iphoneos;
				SWIFT_COMPILATION_MODE = wholemodule;
				VALIDATE_PRODUCT = YES;
			};
			name = Release;
		};
		685A61B42C69C66200F7E800 /* Debug */ = {
			isa = XCBuildConfiguration;
			buildSettings = {
				ASSETCATALOG_COMPILER_APPICON_NAME = AppIcon;
				ASSETCATALOG_COMPILER_GLOBAL_ACCENT_COLOR_NAME = AccentColor;
				CODE_SIGN_STYLE = Automatic;
				CURRENT_PROJECT_VERSION = 1;
				DEVELOPMENT_ASSET_PATHS = "\"ios-swiftui-combine/Preview Content\"";
				DEVELOPMENT_TEAM = XWUU679B4V;
				ENABLE_PREVIEWS = YES;
				GENERATE_INFOPLIST_FILE = YES;
				INFOPLIST_KEY_UIApplicationSceneManifest_Generation = YES;
				INFOPLIST_KEY_UIApplicationSupportsIndirectInputEvents = YES;
				INFOPLIST_KEY_UILaunchScreen_Generation = YES;
				INFOPLIST_KEY_UISupportedInterfaceOrientations_iPad = "UIInterfaceOrientationPortrait UIInterfaceOrientationPortraitUpsideDown UIInterfaceOrientationLandscapeLeft UIInterfaceOrientationLandscapeRight";
				INFOPLIST_KEY_UISupportedInterfaceOrientations_iPhone = "UIInterfaceOrientationPortrait UIInterfaceOrientationLandscapeLeft UIInterfaceOrientationLandscapeRight";
				IPHONEOS_DEPLOYMENT_TARGET = 15.0;
				LD_RUNPATH_SEARCH_PATHS = (
					"$(inherited)",
					"@executable_path/Frameworks",
				);
				MARKETING_VERSION = 1.0;
				PRODUCT_BUNDLE_IDENTIFIER = "com.linhnguyen.ios-swiftui-combine";
				PRODUCT_NAME = "$(TARGET_NAME)";
				SWIFT_EMIT_LOC_STRINGS = YES;
				SWIFT_VERSION = 5.0;
				TARGETED_DEVICE_FAMILY = "1,2";
			};
			name = Debug;
		};
		685A61B52C69C66200F7E800 /* Release */ = {
			isa = XCBuildConfiguration;
			buildSettings = {
				ASSETCATALOG_COMPILER_APPICON_NAME = AppIcon;
				ASSETCATALOG_COMPILER_GLOBAL_ACCENT_COLOR_NAME = AccentColor;
				CODE_SIGN_STYLE = Automatic;
				CURRENT_PROJECT_VERSION = 1;
				DEVELOPMENT_ASSET_PATHS = "\"ios-swiftui-combine/Preview Content\"";
				DEVELOPMENT_TEAM = XWUU679B4V;
				ENABLE_PREVIEWS = YES;
				GENERATE_INFOPLIST_FILE = YES;
				INFOPLIST_KEY_UIApplicationSceneManifest_Generation = YES;
				INFOPLIST_KEY_UIApplicationSupportsIndirectInputEvents = YES;
				INFOPLIST_KEY_UILaunchScreen_Generation = YES;
				INFOPLIST_KEY_UISupportedInterfaceOrientations_iPad = "UIInterfaceOrientationPortrait UIInterfaceOrientationPortraitUpsideDown UIInterfaceOrientationLandscapeLeft UIInterfaceOrientationLandscapeRight";
				INFOPLIST_KEY_UISupportedInterfaceOrientations_iPhone = "UIInterfaceOrientationPortrait UIInterfaceOrientationLandscapeLeft UIInterfaceOrientationLandscapeRight";
				IPHONEOS_DEPLOYMENT_TARGET = 15.0;
				LD_RUNPATH_SEARCH_PATHS = (
					"$(inherited)",
					"@executable_path/Frameworks",
				);
				MARKETING_VERSION = 1.0;
				PRODUCT_BUNDLE_IDENTIFIER = "com.linhnguyen.ios-swiftui-combine";
				PRODUCT_NAME = "$(TARGET_NAME)";
				SWIFT_EMIT_LOC_STRINGS = YES;
				SWIFT_VERSION = 5.0;
				TARGETED_DEVICE_FAMILY = "1,2";
			};
			name = Release;
		};
/* End XCBuildConfiguration section */

/* Begin XCConfigurationList section */
		685A61A02C69C66000F7E800 /* Build configuration list for PBXProject "ios-swiftui-combine" */ = {
			isa = XCConfigurationList;
			buildConfigurations = (
				685A61B12C69C66200F7E800 /* Debug */,
				685A61B22C69C66200F7E800 /* Release */,
			);
			defaultConfigurationIsVisible = 0;
			defaultConfigurationName = Release;
		};
		685A61B32C69C66200F7E800 /* Build configuration list for PBXNativeTarget "ios-swiftui-combine" */ = {
			isa = XCConfigurationList;
			buildConfigurations = (
				685A61B42C69C66200F7E800 /* Debug */,
				685A61B52C69C66200F7E800 /* Release */,
			);
			defaultConfigurationIsVisible = 0;
			defaultConfigurationName = Release;
		};
/* End XCConfigurationList section */
	};
	rootObject = 685A619D2C69C66000F7E800 /* Project object */;
}
